
Microsoft Visual Studio Solution File, Format Version 12.00
# Visual Studio Version 17
VisualStudioVersion = 17.5.33530.505
MinimumVisualStudioVersion = 10.0.40219.1
Project("{FAE04EC0-301F-11D3-BF4B-00C04F79EFBC}") = "xadrez_console", "xadrez_console\xadrez_console.csproj", "{653C48D5-A699-4813-91D5-E44FB537CCE8}"
EndProject
Global
	GlobalSection(SolutionConfigurationPlatforms) = preSolution
		Debug|Any CPU = Debug|Any CPU
		Release|Any CPU = Release|Any CPU
	EndGlobalSection
	GlobalSection(ProjectConfigurationPlatforms) = postSolution
		{653C48D5-A699-4813-91D5-E44FB537CCE8}.Debug|Any CPU.ActiveCfg = Debug|Any CPU
		{653C48D5-A699-4813-91D5-E44FB537CCE8}.Debug|Any CPU.Build.0 = Debug|Any CPU
		{653C48D5-A699-4813-91D5-E44FB537CCE8}.Release|Any CPU.ActiveCfg = Release|Any CPU
		{653C48D5-A699-4813-91D5-E44FB537CCE8}.Release|Any CPU.Build.0 = Release|Any CPU
	EndGlobalSection
	GlobalSection(SolutionProperties) = preSolution
		HideSolutionNode = FALSE
	EndGlobalSection
	GlobalSection(ExtensibilityGlobals) = postSolution
		SolutionGuid = {337F7284-D1EF-4E70-B9C2-2E31811EE2E0}
	EndGlobalSection
EndGlobal
